
Microsoft Visual Studio Solution File, Format Version 12.00
# Visual Studio Version 17
VisualStudioVersion = 17.3.32922.545
MinimumVisualStudioVersion = 10.0.40219.1
Project("{8BC9CEB8-8B4A-11D0-8D11-00A0C91BC942}") = "wx_exe", "dll\dll_vc9_wx_exe.vcxproj", "{20A32CF5-BEBF-5B60-A106-F670A2CDF989}"
EndProject
Project("{8BC9CEB8-8B4A-11D0-8D11-00A0C91BC942}") = "popup", "popup\popup_vc9.vcxproj", "{E678F4D2-C004-51E7-80E7-11CF5D2E2D85}"
EndProject
Project("{8BC9CEB8-8B4A-11D0-8D11-00A0C91BC942}") = "webview", "webview\webview_vc9.vcxproj", "{47EFE0E4-1BE1-5DA7-8D91-072E5F2808B6}"
EndProject
Project("{8BC9CEB8-8B4A-11D0-8D11-00A0C91BC942}") = "pyramid", "opengl\pyramid\pyramid_vc9.vcxproj", "{A37DC15B-4138-5DA9-863C-4A8016D3E1CD}"
EndProject
Project("{8BC9CEB8-8B4A-11D0-8D11-00A0C91BC942}") = "clipboard", "clipboard\clipboard_vc9.vcxproj", "{7C87AF95-5AA9-5093-8904-FB0D767E9281}"
EndProject
Project("{8BC9CEB8-8B4A-11D0-8D11-00A0C91BC942}") = "cube", "opengl\cube\cube_vc9.vcxproj", "{B55C9E2A-0B22-5228-ABE6-3E252B1C82ED}"
EndProject
Project("{8BC9CEB8-8B4A-11D0-8D11-00A0C91BC942}") = "isosurf", "opengl\isosurf\isosurf_vc9.vcxproj", "{DC5F326B-53AB-519B-9EC5-969C4F034C74}"
EndProject
Project("{8BC9CEB8-8B4A-11D0-8D11-00A0C91BC942}") = "penguin", "opengl\penguin\penguin_vc9.vcxproj", "{D5775FEE-C52E-5C7E-A78D-C2896330EAC3}"
EndProject
Project("{8BC9CEB8-8B4A-11D0-8D11-00A0C91BC942}") = "mfctest", "mfc\mfc_vc9.vcxproj", "{7BE71385-C49A-55B1-9896-96DADFE229A4}"
EndProject
Project("{8BC9CEB8-8B4A-11D0-8D11-00A0C91BC942}") = "menu", "menu\menu_vc9.vcxproj", "{B330BC0E-71AA-53B1-8F2A-494C540DDA08}"
EndProject
Project("{8BC9CEB8-8B4A-11D0-8D11-00A0C91BC942}") = "mdi", "mdi\mdi_vc9.vcxproj", "{69E0D60E-59A4-589B-8BFE-4F4AF219A9CA}"
EndProject
Project("{8BC9CEB8-8B4A-11D0-8D11-00A0C91BC942}") = "taborder", "taborder\taborder_vc9.vcxproj", "{9B3EB8A1-D1EE-5375-8A7D-C92537B2105E}"
EndProject
Project("{8BC9CEB8-8B4A-11D0-8D11-00A0C91BC942}") = "widgets", "widgets\widgets_vc9.vcxproj", "{974924E7-35BB-5D32-A4D9-56E922045FEF}"
EndProject
Project("{8BC9CEB8-8B4A-11D0-8D11-00A0C91BC942}") = "treectrl", "treectrl\treectrl_vc9.vcxproj", "{EB6402AF-FD1E-5931-9BB9-12B6EF00C023}"
EndProject
Project("{8BC9CEB8-8B4A-11D0-8D11-00A0C91BC942}") = "anitest", "animate\anitest_vc9.vcxproj", "{2389AD3D-A691-583E-8FE0-65993051AB61}"
EndProject
Project("{8BC9CEB8-8B4A-11D0-8D11-00A0C91BC942}") = "auidemo", "aui\auidemo_vc9.vcxproj", "{0E9842D2-3DC8-59FB-ABC5-F26CD815E2AD}"
EndProject
Global
	GlobalSection(SolutionConfigurationPlatforms) = preSolution
		Debug|x64 = Debug|x64
		Debug|x86 = Debug|x86
		DLL Debug|x64 = DLL Debug|x64
		DLL Debug|x86 = DLL Debug|x86
		DLL Release|x64 = DLL Release|x64
		DLL Release|x86 = DLL Release|x86
		Release|x64 = Release|x64
		Release|x86 = Release|x86
	EndGlobalSection
	GlobalSection(ProjectConfigurationPlatforms) = postSolution
		{20A32CF5-BEBF-5B60-A106-F670A2CDF989}.Debug|x64.ActiveCfg = Debug|x64
		{20A32CF5-BEBF-5B60-A106-F670A2CDF989}.Debug|x64.Build.0 = Debug|x64
		{20A32CF5-BEBF-5B60-A106-F670A2CDF989}.Debug|x86.ActiveCfg = Debug|Win32
		{20A32CF5-BEBF-5B60-A106-F670A2CDF989}.Debug|x86.Build.0 = Debug|Win32
		{20A32CF5-BEBF-5B60-A106-F670A2CDF989}.DLL Debug|x64.ActiveCfg = Debug|x64
		{20A32CF5-BEBF-5B60-A106-F670A2CDF989}.DLL Debug|x64.Build.0 = Debug|x64
		{20A32CF5-BEBF-5B60-A106-F670A2CDF989}.DLL Debug|x86.ActiveCfg = Debug|Win32
		{20A32CF5-BEBF-5B60-A106-F670A2CDF989}.DLL Debug|x86.Build.0 = Debug|Win32
		{20A32CF5-BEBF-5B60-A106-F670A2CDF989}.DLL Release|x64.ActiveCfg = Release|x64
		{20A32CF5-BEBF-5B60-A106-F670A2CDF989}.DLL Release|x64.Build.0 = Release|x64
		{20A32CF5-BEBF-5B60-A106-F670A2CDF989}.DLL Release|x86.ActiveCfg = Release|Win32
		{20A32CF5-BEBF-5B60-A106-F670A2CDF989}.DLL Release|x86.Build.0 = Release|Win32
		{20A32CF5-BEBF-5B60-A106-F670A2CDF989}.Release|x64.ActiveCfg = Release|x64
		{20A32CF5-BEBF-5B60-A106-F670A2CDF989}.Release|x64.Build.0 = Release|x64
		{20A32CF5-BEBF-5B60-A106-F670A2CDF989}.Release|x86.ActiveCfg = Release|Win32
		{20A32CF5-BEBF-5B60-A106-F670A2CDF989}.Release|x86.Build.0 = Release|Win32
		{E678F4D2-C004-51E7-80E7-11CF5D2E2D85}.Debug|x64.ActiveCfg = Debug|x64
		{E678F4D2-C004-51E7-80E7-11CF5D2E2D85}.Debug|x64.Build.0 = Debug|x64
		{E678F4D2-C004-51E7-80E7-11CF5D2E2D85}.Debug|x86.ActiveCfg = Debug|Win32
		{E678F4D2-C004-51E7-80E7-11CF5D2E2D85}.Debug|x86.Build.0 = Debug|Win32
		{E678F4D2-C004-51E7-80E7-11CF5D2E2D85}.DLL Debug|x64.ActiveCfg = DLL Debug|x64
		{E678F4D2-C004-51E7-80E7-11CF5D2E2D85}.DLL Debug|x64.Build.0 = DLL Debug|x64
		{E678F4D2-C004-51E7-80E7-11CF5D2E2D85}.DLL Debug|x86.ActiveCfg = DLL Debug|Win32
		{E678F4D2-C004-51E7-80E7-11CF5D2E2D85}.DLL Debug|x86.Build.0 = DLL Debug|Win32
		{E678F4D2-C004-51E7-80E7-11CF5D2E2D85}.DLL Release|x64.ActiveCfg = DLL Release|x64
		{E678F4D2-C004-51E7-80E7-11CF5D2E2D85}.DLL Release|x64.Build.0 = DLL Release|x64
		{E678F4D2-C004-51E7-80E7-11CF5D2E2D85}.DLL Release|x86.ActiveCfg = DLL Release|Win32
		{E678F4D2-C004-51E7-80E7-11CF5D2E2D85}.DLL Release|x86.Build.0 = DLL Release|Win32
		{E678F4D2-C004-51E7-80E7-11CF5D2E2D85}.Release|x64.ActiveCfg = Release|x64
		{E678F4D2-C004-51E7-80E7-11CF5D2E2D85}.Release|x64.Build.0 = Release|x64
		{E678F4D2-C004-51E7-80E7-11CF5D2E2D85}.Release|x86.ActiveCfg = Release|Win32
		{E678F4D2-C004-51E7-80E7-11CF5D2E2D85}.Release|x86.Build.0 = Release|Win32
		{47EFE0E4-1BE1-5DA7-8D91-072E5F2808B6}.Debug|x64.ActiveCfg = Debug|x64
		{47EFE0E4-1BE1-5DA7-8D91-072E5F2808B6}.Debug|x64.Build.0 = Debug|x64
		{47EFE0E4-1BE1-5DA7-8D91-072E5F2808B6}.Debug|x86.ActiveCfg = Debug|Win32
		{47EFE0E4-1BE1-5DA7-8D91-072E5F2808B6}.Debug|x86.Build.0 = Debug|Win32
		{47EFE0E4-1BE1-5DA7-8D91-072E5F2808B6}.DLL Debug|x64.ActiveCfg = DLL Debug|x64
		{47EFE0E4-1BE1-5DA7-8D91-072E5F2808B6}.DLL Debug|x64.Build.0 = DLL Debug|x64
		{47EFE0E4-1BE1-5DA7-8D91-072E5F2808B6}.DLL Debug|x86.ActiveCfg = DLL Debug|Win32
		{47EFE0E4-1BE1-5DA7-8D91-072E5F2808B6}.DLL Debug|x86.Build.0 = DLL Debug|Win32
		{47EFE0E4-1BE1-5DA7-8D91-072E5F2808B6}.DLL Release|x64.ActiveCfg = DLL Release|x64
		{47EFE0E4-1BE1-5DA7-8D91-072E5F2808B6}.DLL Release|x64.Build.0 = DLL Release|x64
		{47EFE0E4-1BE1-5DA7-8D91-072E5F2808B6}.DLL Release|x86.ActiveCfg = DLL Release|Win32
		{47EFE0E4-1BE1-5DA7-8D91-072E5F2808B6}.DLL Release|x86.Build.0 = DLL Release|Win32
		{47EFE0E4-1BE1-5DA7-8D91-072E5F2808B6}.Release|x64.ActiveCfg = Release|x64
		{47EFE0E4-1BE1-5DA7-8D91-072E5F2808B6}.Release|x64.Build.0 = Release|x64
		{47EFE0E4-1BE1-5DA7-8D91-072E5F2808B6}.Release|x86.ActiveCfg = Release|Win32
		{47EFE0E4-1BE1-5DA7-8D91-072E5F2808B6}.Release|x86.Build.0 = Release|Win32
		{A37DC15B-4138-5DA9-863C-4A8016D3E1CD}.Debug|x64.ActiveCfg = Debug|x64
		{A37DC15B-4138-5DA9-863C-4A8016D3E1CD}.Debug|x64.Build.0 = Debug|x64
		{A37DC15B-4138-5DA9-863C-4A8016D3E1CD}.Debug|x86.ActiveCfg = Debug|Win32
		{A37DC15B-4138-5DA9-863C-4A8016D3E1CD}.Debug|x86.Build.0 = Debug|Win32
		{A37DC15B-4138-5DA9-863C-4A8016D3E1CD}.DLL Debug|x64.ActiveCfg = DLL Debug|x64
		{A37DC15B-4138-5DA9-863C-4A8016D3E1CD}.DLL Debug|x64.Build.0 = DLL Debug|x64
		{A37DC15B-4138-5DA9-863C-4A8016D3E1CD}.DLL Debug|x86.ActiveCfg = DLL Debug|Win32
		{A37DC15B-4138-5DA9-863C-4A8016D3E1CD}.DLL Debug|x86.Build.0 = DLL Debug|Win32
		{A37DC15B-4138-5DA9-863C-4A8016D3E1CD}.DLL Release|x64.ActiveCfg = DLL Release|x64
		{A37DC15B-4138-5DA9-863C-4A8016D3E1CD}.DLL Release|x64.Build.0 = DLL Release|x64
		{A37DC15B-4138-5DA9-863C-4A8016D3E1CD}.DLL Release|x86.ActiveCfg = DLL Release|Win32
		{A37DC15B-4138-5DA9-863C-4A8016D3E1CD}.DLL Release|x86.Build.0 = DLL Release|Win32
		{A37DC15B-4138-5DA9-863C-4A8016D3E1CD}.Release|x64.ActiveCfg = Release|x64
		{A37DC15B-4138-5DA9-863C-4A8016D3E1CD}.Release|x64.Build.0 = Release|x64
		{A37DC15B-4138-5DA9-863C-4A8016D3E1CD}.Release|x86.ActiveCfg = Release|Win32
		{A37DC15B-4138-5DA9-863C-4A8016D3E1CD}.Release|x86.Build.0 = Release|Win32
		{7C87AF95-5AA9-5093-8904-FB0D767E9281}.Debug|x64.ActiveCfg = Debug|x64
		{7C87AF95-5AA9-5093-8904-FB0D767E9281}.Debug|x64.Build.0 = Debug|x64
		{7C87AF95-5AA9-5093-8904-FB0D767E9281}.Debug|x86.ActiveCfg = Debug|Win32
		{7C87AF95-5AA9-5093-8904-FB0D767E9281}.Debug|x86.Build.0 = Debug|Win32
		{7C87AF95-5AA9-5093-8904-FB0D767E9281}.DLL Debug|x64.ActiveCfg = DLL Debug|x64
		{7C87AF95-5AA9-5093-8904-FB0D767E9281}.DLL Debug|x64.Build.0 = DLL Debug|x64
		{7C87AF95-5AA9-5093-8904-FB0D767E9281}.DLL Debug|x86.ActiveCfg = DLL Debug|Win32
		{7C87AF95-5AA9-5093-8904-FB0D767E9281}.DLL Debug|x86.Build.0 = DLL Debug|Win32
		{7C87AF95-5AA9-5093-8904-FB0D767E9281}.DLL Release|x64.ActiveCfg = DLL Release|x64
		{7C87AF95-5AA9-5093-8904-FB0D767E9281}.DLL Release|x64.Build.0 = DLL Release|x64
		{7C87AF95-5AA9-5093-8904-FB0D767E9281}.DLL Release|x86.ActiveCfg = DLL Release|Win32
		{7C87AF95-5AA9-5093-8904-FB0D767E9281}.DLL Release|x86.Build.0 = DLL Release|Win32
		{7C87AF95-5AA9-5093-8904-FB0D767E9281}.Release|x64.ActiveCfg = Release|x64
		{7C87AF95-5AA9-5093-8904-FB0D767E9281}.Release|x64.Build.0 = Release|x64
		{7C87AF95-5AA9-5093-8904-FB0D767E9281}.Release|x86.ActiveCfg = Release|Win32
		{7C87AF95-5AA9-5093-8904-FB0D767E9281}.Release|x86.Build.0 = Release|Win32
		{B55C9E2A-0B22-5228-ABE6-3E252B1C82ED}.Debug|x64.ActiveCfg = Debug|x64
		{B55C9E2A-0B22-5228-ABE6-3E252B1C82ED}.Debug|x64.Build.0 = Debug|x64
		{B55C9E2A-0B22-5228-ABE6-3E252B1C82ED}.Debug|x86.ActiveCfg = Debug|Win32
		{B55C9E2A-0B22-5228-ABE6-3E252B1C82ED}.Debug|x86.Build.0 = Debug|Win32
		{B55C9E2A-0B22-5228-ABE6-3E252B1C82ED}.DLL Debug|x64.ActiveCfg = DLL Debug|x64
		{B55C9E2A-0B22-5228-ABE6-3E252B1C82ED}.DLL Debug|x64.Build.0 = DLL Debug|x64
		{B55C9E2A-0B22-5228-ABE6-3E252B1C82ED}.DLL Debug|x86.ActiveCfg = DLL Debug|Win32
		{B55C9E2A-0B22-5228-ABE6-3E252B1C82ED}.DLL Debug|x86.Build.0 = DLL Debug|Win32
		{B55C9E2A-0B22-5228-ABE6-3E252B1C82ED}.DLL Release|x64.ActiveCfg = DLL Release|x64
		{B55C9E2A-0B22-5228-ABE6-3E252B1C82ED}.DLL Release|x64.Build.0 = DLL Release|x64
		{B55C9E2A-0B22-5228-ABE6-3E252B1C82ED}.DLL Release|x86.ActiveCfg = DLL Release|Win32
		{B55C9E2A-0B22-5228-ABE6-3E252B1C82ED}.DLL Release|x86.Build.0 = DLL Release|Win32
		{B55C9E2A-0B22-5228-ABE6-3E252B1C82ED}.Release|x64.ActiveCfg = Release|x64
		{B55C9E2A-0B22-5228-ABE6-3E252B1C82ED}.Release|x64.Build.0 = Release|x64
		{B55C9E2A-0B22-5228-ABE6-3E252B1C82ED}.Release|x86.ActiveCfg = Release|Win32
		{B55C9E2A-0B22-5228-ABE6-3E252B1C82ED}.Release|x86.Build.0 = Release|Win32
		{DC5F326B-53AB-519B-9EC5-969C4F034C74}.Debug|x64.ActiveCfg = Debug|x64
		{DC5F326B-53AB-519B-9EC5-969C4F034C74}.Debug|x64.Build.0 = Debug|x64
		{DC5F326B-53AB-519B-9EC5-969C4F034C74}.Debug|x86.ActiveCfg = Debug|Win32
		{DC5F326B-53AB-519B-9EC5-969C4F034C74}.Debug|x86.Build.0 = Debug|Win32
		{DC5F326B-53AB-519B-9EC5-969C4F034C74}.DLL Debug|x64.ActiveCfg = DLL Debug|x64
		{DC5F326B-53AB-519B-9EC5-969C4F034C74}.DLL Debug|x64.Build.0 = DLL Debug|x64
		{DC5F326B-53AB-519B-9EC5-969C4F034C74}.DLL Debug|x86.ActiveCfg = DLL Debug|Win32
		{DC5F326B-53AB-519B-9EC5-969C4F034C74}.DLL Debug|x86.Build.0 = DLL Debug|Win32
		{DC5F326B-53AB-519B-9EC5-969C4F034C74}.DLL Release|x64.ActiveCfg = DLL Release|x64
		{DC5F326B-53AB-519B-9EC5-969C4F034C74}.DLL Release|x64.Build.0 = DLL Release|x64
		{DC5F326B-53AB-519B-9EC5-969C4F034C74}.DLL Release|x86.ActiveCfg = DLL Release|Win32
		{DC5F326B-53AB-519B-9EC5-969C4F034C74}.DLL Release|x86.Build.0 = DLL Release|Win32
		{DC5F326B-53AB-519B-9EC5-969C4F034C74}.Release|x64.ActiveCfg = Release|x64
		{DC5F326B-53AB-519B-9EC5-969C4F034C74}.Release|x64.Build.0 = Release|x64
		{DC5F326B-53AB-519B-9EC5-969C4F034C74}.Release|x86.ActiveCfg = Release|Win32
		{DC5F326B-53AB-519B-9EC5-969C4F034C74}.Release|x86.Build.0 = Release|Win32
		{D5775FEE-C52E-5C7E-A78D-C2896330EAC3}.Debug|x64.ActiveCfg = Debug|x64
		{D5775FEE-C52E-5C7E-A78D-C2896330EAC3}.Debug|x64.Build.0 = Debug|x64
		{D5775FEE-C52E-5C7E-A78D-C2896330EAC3}.Debug|x86.ActiveCfg = Debug|Win32
		{D5775FEE-C52E-5C7E-A78D-C2896330EAC3}.Debug|x86.Build.0 = Debug|Win32
		{D5775FEE-C52E-5C7E-A78D-C2896330EAC3}.DLL Debug|x64.ActiveCfg = DLL Debug|x64
		{D5775FEE-C52E-5C7E-A78D-C2896330EAC3}.DLL Debug|x64.Build.0 = DLL Debug|x64
		{D5775FEE-C52E-5C7E-A78D-C2896330EAC3}.DLL Debug|x86.ActiveCfg = DLL Debug|Win32
		{D5775FEE-C52E-5C7E-A78D-C2896330EAC3}.DLL Debug|x86.Build.0 = DLL Debug|Win32
		{D5775FEE-C52E-5C7E-A78D-C2896330EAC3}.DLL Release|x64.ActiveCfg = DLL Release|x64
		{D5775FEE-C52E-5C7E-A78D-C2896330EAC3}.DLL Release|x64.Build.0 = DLL Release|x64
		{D5775FEE-C52E-5C7E-A78D-C2896330EAC3}.DLL Release|x86.ActiveCfg = DLL Release|Win32
		{D5775FEE-C52E-5C7E-A78D-C2896330EAC3}.DLL Release|x86.Build.0 = DLL Release|Win32
		{D5775FEE-C52E-5C7E-A78D-C2896330EAC3}.Release|x64.ActiveCfg = Release|x64
		{D5775FEE-C52E-5C7E-A78D-C2896330EAC3}.Release|x64.Build.0 = Release|x64
		{D5775FEE-C52E-5C7E-A78D-C2896330EAC3}.Release|x86.ActiveCfg = Release|Win32
		{D5775FEE-C52E-5C7E-A78D-C2896330EAC3}.Release|x86.Build.0 = Release|Win32
		{7BE71385-C49A-55B1-9896-96DADFE229A4}.Debug|x64.ActiveCfg = Debug|x64
		{7BE71385-C49A-55B1-9896-96DADFE229A4}.Debug|x64.Build.0 = Debug|x64
		{7BE71385-C49A-55B1-9896-96DADFE229A4}.Debug|x86.ActiveCfg = Debug|Win32
		{7BE71385-C49A-55B1-9896-96DADFE229A4}.Debug|x86.Build.0 = Debug|Win32
		{7BE71385-C49A-55B1-9896-96DADFE229A4}.DLL Debug|x64.ActiveCfg = DLL Debug|x64
		{7BE71385-C49A-55B1-9896-96DADFE229A4}.DLL Debug|x64.Build.0 = DLL Debug|x64
		{7BE71385-C49A-55B1-9896-96DADFE229A4}.DLL Debug|x86.ActiveCfg = DLL Debug|Win32
		{7BE71385-C49A-55B1-9896-96DADFE229A4}.DLL Debug|x86.Build.0 = DLL Debug|Win32
		{7BE71385-C49A-55B1-9896-96DADFE229A4}.DLL Release|x64.ActiveCfg = DLL Release|x64
		{7BE71385-C49A-55B1-9896-96DADFE229A4}.DLL Release|x64.Build.0 = DLL Release|x64
		{7BE71385-C49A-55B1-9896-96DADFE229A4}.DLL Release|x86.ActiveCfg = DLL Release|Win32
		{7BE71385-C49A-55B1-9896-96DADFE229A4}.DLL Release|x86.Build.0 = DLL Release|Win32
		{7BE71385-C49A-55B1-9896-96DADFE229A4}.Release|x64.ActiveCfg = Release|x64
		{7BE71385-C49A-55B1-9896-96DADFE229A4}.Release|x64.Build.0 = Release|x64
		{7BE71385-C49A-55B1-9896-96DADFE229A4}.Release|x86.ActiveCfg = Release|Win32
		{7BE71385-C49A-55B1-9896-96DADFE229A4}.Release|x86.Build.0 = Release|Win32
		{B330BC0E-71AA-53B1-8F2A-494C540DDA08}.Debug|x64.ActiveCfg = Debug|x64
		{B330BC0E-71AA-53B1-8F2A-494C540DDA08}.Debug|x64.Build.0 = Debug|x64
		{B330BC0E-71AA-53B1-8F2A-494C540DDA08}.Debug|x86.ActiveCfg = Debug|Win32
		{B330BC0E-71AA-53B1-8F2A-494C540DDA08}.Debug|x86.Build.0 = Debug|Win32
		{B330BC0E-71AA-53B1-8F2A-494C540DDA08}.DLL Debug|x64.ActiveCfg = DLL Debug|x64
		{B330BC0E-71AA-53B1-8F2A-494C540DDA08}.DLL Debug|x64.Build.0 = DLL Debug|x64
		{B330BC0E-71AA-53B1-8F2A-494C540DDA08}.DLL Debug|x86.ActiveCfg = DLL Debug|Win32
		{B330BC0E-71AA-53B1-8F2A-494C540DDA08}.DLL Debug|x86.Build.0 = DLL Debug|Win32
		{B330BC0E-71AA-53B1-8F2A-494C540DDA08}.DLL Release|x64.ActiveCfg = DLL Release|x64
		{B330BC0E-71AA-53B1-8F2A-494C540DDA08}.DLL Release|x64.Build.0 = DLL Release|x64
		{B330BC0E-71AA-53B1-8F2A-494C540DDA08}.DLL Release|x86.ActiveCfg = DLL Release|Win32
		{B330BC0E-71AA-53B1-8F2A-494C540DDA08}.DLL Release|x86.Build.0 = DLL Release|Win32
		{B330BC0E-71AA-53B1-8F2A-494C540DDA08}.Release|x64.ActiveCfg = Release|x64
		{B330BC0E-71AA-53B1-8F2A-494C540DDA08}.Release|x64.Build.0 = Release|x64
		{B330BC0E-71AA-53B1-8F2A-494C540DDA08}.Release|x86.ActiveCfg = Release|Win32
		{B330BC0E-71AA-53B1-8F2A-494C540DDA08}.Release|x86.Build.0 = Release|Win32
		{69E0D60E-59A4-589B-8BFE-4F4AF219A9CA}.Debug|x64.ActiveCfg = Debug|x64
		{69E0D60E-59A4-589B-8BFE-4F4AF219A9CA}.Debug|x64.Build.0 = Debug|x64
		{69E0D60E-59A4-589B-8BFE-4F4AF219A9CA}.Debug|x86.ActiveCfg = Debug|Win32
		{69E0D60E-59A4-589B-8BFE-4F4AF219A9CA}.Debug|x86.Build.0 = Debug|Win32
		{69E0D60E-59A4-589B-8BFE-4F4AF219A9CA}.DLL Debug|x64.ActiveCfg = DLL Debug|x64
		{69E0D60E-59A4-589B-8BFE-4F4AF219A9CA}.DLL Debug|x64.Build.0 = DLL Debug|x64
		{69E0D60E-59A4-589B-8BFE-4F4AF219A9CA}.DLL Debug|x86.ActiveCfg = DLL Debug|Win32
		{69E0D60E-59A4-589B-8BFE-4F4AF219A9CA}.DLL Debug|x86.Build.0 = DLL Debug|Win32
		{69E0D60E-59A4-589B-8BFE-4F4AF219A9CA}.DLL Release|x64.ActiveCfg = DLL Release|x64
		{69E0D60E-59A4-589B-8BFE-4F4AF219A9CA}.DLL Release|x64.Build.0 = DLL Release|x64
		{69E0D60E-59A4-589B-8BFE-4F4AF219A9CA}.DLL Release|x86.ActiveCfg = DLL Release|Win32
		{69E0D60E-59A4-589B-8BFE-4F4AF219A9CA}.DLL Release|x86.Build.0 = DLL Release|Win32
		{69E0D60E-59A4-589B-8BFE-4F4AF219A9CA}.Release|x64.ActiveCfg = Release|x64
		{69E0D60E-59A4-589B-8BFE-4F4AF219A9CA}.Release|x64.Build.0 = Release|x64
		{69E0D60E-59A4-589B-8BFE-4F4AF219A9CA}.Release|x86.ActiveCfg = Release|Win32
		{69E0D60E-59A4-589B-8BFE-4F4AF219A9CA}.Release|x86.Build.0 = Release|Win32
		{9B3EB8A1-D1EE-5375-8A7D-C92537B2105E}.Debug|x64.ActiveCfg = Debug|x64
		{9B3EB8A1-D1EE-5375-8A7D-C92537B2105E}.Debug|x64.Build.0 = Debug|x64
		{9B3EB8A1-D1EE-5375-8A7D-C92537B2105E}.Debug|x86.ActiveCfg = Debug|Win32
		{9B3EB8A1-D1EE-5375-8A7D-C92537B2105E}.Debug|x86.Build.0 = Debug|Win32
		{9B3EB8A1-D1EE-5375-8A7D-C92537B2105E}.DLL Debug|x64.ActiveCfg = DLL Debug|x64
		{9B3EB8A1-D1EE-5375-8A7D-C92537B2105E}.DLL Debug|x64.Build.0 = DLL Debug|x64
		{9B3EB8A1-D1EE-5375-8A7D-C92537B2105E}.DLL Debug|x86.ActiveCfg = DLL Debug|Win32
		{9B3EB8A1-D1EE-5375-8A7D-C92537B2105E}.DLL Debug|x86.Build.0 = DLL Debug|Win32
		{9B3EB8A1-D1EE-5375-8A7D-C92537B2105E}.DLL Release|x64.ActiveCfg = DLL Release|x64
		{9B3EB8A1-D1EE-5375-8A7D-C92537B2105E}.DLL Release|x64.Build.0 = DLL Release|x64
		{9B3EB8A1-D1EE-5375-8A7D-C92537B2105E}.DLL Release|x86.ActiveCfg = DLL Release|Win32
		{9B3EB8A1-D1EE-5375-8A7D-C92537B2105E}.DLL Release|x86.Build.0 = DLL Release|Win32
		{9B3EB8A1-D1EE-5375-8A7D-C92537B2105E}.Release|x64.ActiveCfg = Release|x64
		{9B3EB8A1-D1EE-5375-8A7D-C92537B2105E}.Release|x64.Build.0 = Release|x64
		{9B3EB8A1-D1EE-5375-8A7D-C92537B2105E}.Release|x86.ActiveCfg = Release|Win32
		{9B3EB8A1-D1EE-5375-8A7D-C92537B2105E}.Release|x86.Build.0 = Release|Win32
		{974924E7-35BB-5D32-A4D9-56E922045FEF}.Debug|x64.ActiveCfg = Debug|x64
		{974924E7-35BB-5D32-A4D9-56E922045FEF}.Debug|x64.Build.0 = Debug|x64
		{974924E7-35BB-5D32-A4D9-56E922045FEF}.Debug|x86.ActiveCfg = Debug|Win32
		{974924E7-35BB-5D32-A4D9-56E922045FEF}.Debug|x86.Build.0 = Debug|Win32
		{974924E7-35BB-5D32-A4D9-56E922045FEF}.DLL Debug|x64.ActiveCfg = DLL Debug|x64
		{974924E7-35BB-5D32-A4D9-56E922045FEF}.DLL Debug|x64.Build.0 = DLL Debug|x64
		{974924E7-35BB-5D32-A4D9-56E922045FEF}.DLL Debug|x86.ActiveCfg = DLL Debug|Win32
		{974924E7-35BB-5D32-A4D9-56E922045FEF}.DLL Debug|x86.Build.0 = DLL Debug|Win32
		{974924E7-35BB-5D32-A4D9-56E922045FEF}.DLL Release|x64.ActiveCfg = DLL Release|x64
		{974924E7-35BB-5D32-A4D9-56E922045FEF}.DLL Release|x64.Build.0 = DLL Release|x64
		{974924E7-35BB-5D32-A4D9-56E922045FEF}.DLL Release|x86.ActiveCfg = DLL Release|Win32
		{974924E7-35BB-5D32-A4D9-56E922045FEF}.DLL Release|x86.Build.0 = DLL Release|Win32
		{974924E7-35BB-5D32-A4D9-56E922045FEF}.Release|x64.ActiveCfg = Release|x64
		{974924E7-35BB-5D32-A4D9-56E922045FEF}.Release|x64.Build.0 = Release|x64
		{974924E7-35BB-5D32-A4D9-56E922045FEF}.Release|x86.ActiveCfg = Release|Win32
		{974924E7-35BB-5D32-A4D9-56E922045FEF}.Release|x86.Build.0 = Release|Win32
		{EB6402AF-FD1E-5931-9BB9-12B6EF00C023}.Debug|x64.ActiveCfg = Debug|x64
		{EB6402AF-FD1E-5931-9BB9-12B6EF00C023}.Debug|x64.Build.0 = Debug|x64
		{EB6402AF-FD1E-5931-9BB9-12B6EF00C023}.Debug|x86.ActiveCfg = Debug|Win32
		{EB6402AF-FD1E-5931-9BB9-12B6EF00C023}.Debug|x86.Build.0 = Debug|Win32
		{EB6402AF-FD1E-5931-9BB9-12B6EF00C023}.DLL Debug|x64.ActiveCfg = DLL Debug|x64
		{EB6402AF-FD1E-5931-9BB9-12B6EF00C023}.DLL Debug|x64.Build.0 = DLL Debug|x64
		{EB6402AF-FD1E-5931-9BB9-12B6EF00C023}.DLL Debug|x86.ActiveCfg = DLL Debug|Win32
		{EB6402AF-FD1E-5931-9BB9-12B6EF00C023}.DLL Debug|x86.Build.0 = DLL Debug|Win32
		{EB6402AF-FD1E-5931-9BB9-12B6EF00C023}.DLL Release|x64.ActiveCfg = DLL Release|x64
		{EB6402AF-FD1E-5931-9BB9-12B6EF00C023}.DLL Release|x64.Build.0 = DLL Release|x64
		{EB6402AF-FD1E-5931-9BB9-12B6EF00C023}.DLL Release|x86.ActiveCfg = DLL Release|Win32
		{EB6402AF-FD1E-5931-9BB9-12B6EF00C023}.DLL Release|x86.Build.0 = DLL Release|Win32
		{EB6402AF-FD1E-5931-9BB9-12B6EF00C023}.Release|x64.ActiveCfg = Release|x64
		{EB6402AF-FD1E-5931-9BB9-12B6EF00C023}.Release|x64.Build.0 = Release|x64
		{EB6402AF-FD1E-5931-9BB9-12B6EF00C023}.Release|x86.ActiveCfg = Release|Win32
		{EB6402AF-FD1E-5931-9BB9-12B6EF00C023}.Release|x86.Build.0 = Release|Win32
		{2389AD3D-A691-583E-8FE0-65993051AB61}.Debug|x64.ActiveCfg = Debug|x64
		{2389AD3D-A691-583E-8FE0-65993051AB61}.Debug|x64.Build.0 = Debug|x64
		{2389AD3D-A691-583E-8FE0-65993051AB61}.Debug|x86.ActiveCfg = Debug|Win32
		{2389AD3D-A691-583E-8FE0-65993051AB61}.Debug|x86.Build.0 = Debug|Win32
		{2389AD3D-A691-583E-8FE0-65993051AB61}.DLL Debug|x64.ActiveCfg = DLL Debug|x64
		{2389AD3D-A691-583E-8FE0-65993051AB61}.DLL Debug|x64.Build.0 = DLL Debug|x64
		{2389AD3D-A691-583E-8FE0-65993051AB61}.DLL Debug|x86.ActiveCfg = DLL Debug|Win32
		{2389AD3D-A691-583E-8FE0-65993051AB61}.DLL Debug|x86.Build.0 = DLL Debug|Win32
		{2389AD3D-A691-583E-8FE0-65993051AB61}.DLL Release|x64.ActiveCfg = DLL Release|x64
		{2389AD3D-A691-583E-8FE0-65993051AB61}.DLL Release|x64.Build.0 = DLL Release|x64
		{2389AD3D-A691-583E-8FE0-65993051AB61}.DLL Release|x86.ActiveCfg = DLL Release|Win32
		{2389AD3D-A691-583E-8FE0-65993051AB61}.DLL Release|x86.Build.0 = DLL Release|Win32
		{2389AD3D-A691-583E-8FE0-65993051AB61}.Release|x64.ActiveCfg = Release|x64
		{2389AD3D-A691-583E-8FE0-65993051AB61}.Release|x64.Build.0 = Release|x64
		{2389AD3D-A691-583E-8FE0-65993051AB61}.Release|x86.ActiveCfg = Release|Win32
		{2389AD3D-A691-583E-8FE0-65993051AB61}.Release|x86.Build.0 = Release|Win32
		{0E9842D2-3DC8-59FB-ABC5-F26CD815E2AD}.Debug|x64.ActiveCfg = Debug|x64
		{0E9842D2-3DC8-59FB-ABC5-F26CD815E2AD}.Debug|x64.Build.0 = Debug|x64
		{0E9842D2-3DC8-59FB-ABC5-F26CD815E2AD}.Debug|x86.ActiveCfg = Debug|Win32
		{0E9842D2-3DC8-59FB-ABC5-F26CD815E2AD}.Debug|x86.Build.0 = Debug|Win32
		{0E9842D2-3DC8-59FB-ABC5-F26CD815E2AD}.DLL Debug|x64.ActiveCfg = DLL Debug|x64
		{0E9842D2-3DC8-59FB-ABC5-F26CD815E2AD}.DLL Debug|x64.Build.0 = DLL Debug|x64
		{0E9842D2-3DC8-59FB-ABC5-F26CD815E2AD}.DLL Debug|x86.ActiveCfg = DLL Debug|Win32
		{0E9842D2-3DC8-59FB-ABC5-F26CD815E2AD}.DLL Debug|x86.Build.0 = DLL Debug|Win32
		{0E9842D2-3DC8-59FB-ABC5-F26CD815E2AD}.DLL Release|x64.ActiveCfg = DLL Release|x64
		{0E9842D2-3DC8-59FB-ABC5-F26CD815E2AD}.DLL Release|x64.Build.0 = DLL Release|x64
		{0E9842D2-3DC8-59FB-ABC5-F26CD815E2AD}.DLL Release|x86.ActiveCfg = DLL Release|Win32
		{0E9842D2-3DC8-59FB-ABC5-F26CD815E2AD}.DLL Release|x86.Build.0 = DLL Release|Win32
		{0E9842D2-3DC8-59FB-ABC5-F26CD815E2AD}.Release|x64.ActiveCfg = Release|x64
		{0E9842D2-3DC8-59FB-ABC5-F26CD815E2AD}.Release|x64.Build.0 = Release|x64
		{0E9842D2-3DC8-59FB-ABC5-F26CD815E2AD}.Release|x86.ActiveCfg = Release|Win32
		{0E9842D2-3DC8-59FB-ABC5-F26CD815E2AD}.Release|x86.Build.0 = Release|Win32
	EndGlobalSection
	GlobalSection(SolutionProperties) = preSolution
		HideSolutionNode = FALSE
	EndGlobalSection
	GlobalSection(ExtensibilityGlobals) = postSolution
		SolutionGuid = {406D075D-1574-4FA0-B3F5-A03E33CE65A3}
	EndGlobalSection
EndGlobal
